
Microsoft Visual Studio Solution File, Format Version 12.00
# Visual Studio Version 17
VisualStudioVersion = 17.5.33424.131
MinimumVisualStudioVersion = 10.0.40219.1
Project("{FAE04EC0-301F-11D3-BF4B-00C04F79EFBC}") = "zena", "zena\zena.csproj", "{171CFF71-7E81-440D-91CD-0809FC6F20E2}"
EndProject
Global
	GlobalSection(SolutionConfigurationPlatforms) = preSolution
		Debug|Any CPU = Debug|Any CPU
		Release|Any CPU = Release|Any CPU
	EndGlobalSection
	GlobalSection(ProjectConfigurationPlatforms) = postSolution
		{171CFF71-7E81-440D-91CD-0809FC6F20E2}.Debug|Any CPU.ActiveCfg = Debug|Any CPU
		{171CFF71-7E81-440D-91CD-0809FC6F20E2}.Debug|Any CPU.Build.0 = Debug|Any CPU
		{171CFF71-7E81-440D-91CD-0809FC6F20E2}.Release|Any CPU.ActiveCfg = Release|Any CPU
		{171CFF71-7E81-440D-91CD-0809FC6F20E2}.Release|Any CPU.Build.0 = Release|Any CPU
	EndGlobalSection
	GlobalSection(SolutionProperties) = preSolution
		HideSolutionNode = FALSE
	EndGlobalSection
	GlobalSection(ExtensibilityGlobals) = postSolution
		SolutionGuid = {A20208B7-9E8C-4AE6-8FFE-5FDD0CECC41E}
	EndGlobalSection
EndGlobal
